{
  "version": 4,
  "terraform_version": "1.8.5",
  "serial": 29,
  "lineage": "674acb0f-d8f7-d4d2-3f5f-3621b6ae9c06",
  "outputs": {},
  "resources": [
    {
      "mode": "managed",
      "type": "newrelic_alert_policy",
      "name": "policy01",
      "provider": "provider[\"registry.terraform.io/newrelic/newrelic\"]",
      "instances": [
        {
          "schema_version": 0,
          "attributes": {
            "account_id": 4550857,
            "channel_ids": null,
            "id": "5488340",
            "incident_preference": "PER_CONDITION",
            "name": "policy01"
          },
          "sensitive_attributes": [],
          "private": "bnVsbA=="
        }
      ]
    },
    {
      "mode": "managed",
      "type": "newrelic_notification_channel",
      "name": "channel01",
      "provider": "provider[\"registry.terraform.io/newrelic/newrelic\"]",
      "instances": [
        {
          "schema_version": 0,
          "attributes": {
            "account_id": 4550857,
            "active": true,
            "destination_id": "f3a3c59b-1778-403d-95f7-2c3966731dcd",
            "id": "2fbf8fcf-e038-448f-8f85-802569b1b53f",
            "name": "channel01",
            "product": "IINT",
            "property": [
              {
                "display_value": "",
                "key": "customDetailsEmail",
                "label": "",
                "value": "Changes in the Infrastructure"
              },
              {
                "display_value": "",
                "key": "subject",
                "label": "",
                "value": "ALERT!"
              }
            ],
            "status": "DEFAULT",
            "type": "EMAIL"
          },
          "sensitive_attributes": [],
          "private": "bnVsbA==",
          "dependencies": [
            "newrelic_notification_destination.destinaiton01"
          ]
        }
      ]
    },
    {
      "mode": "managed",
      "type": "newrelic_notification_destination",
      "name": "destinaiton01",
      "provider": "provider[\"registry.terraform.io/newrelic/newrelic\"]",
      "instances": [
        {
          "schema_version": 1,
          "attributes": {
            "account_id": 4550857,
            "active": true,
            "auth_basic": [],
            "auth_custom_header": [],
            "auth_token": [],
            "guid": "NDU1MDg1N3xBSU9QU3xERVNUSU5BVElPTnxmM2EzYzU5Yi0xNzc4LTQwM2QtOTVmNy0yYzM5NjY3MzFkY2Q",
            "id": "f3a3c59b-1778-403d-95f7-2c3966731dcd",
            "last_sent": "",
            "name": "destination01",
            "property": [
              {
                "display_value": "",
                "key": "email",
                "label": "",
                "value": "xshreya.sharma@gmail.com"
              }
            ],
            "secure_url": [],
            "status": "DEFAULT",
            "type": "EMAIL"
          },
          "sensitive_attributes": [],
          "private": "eyJzY2hlbWFfdmVyc2lvbiI6IjEifQ=="
        }
      ]
    },
    {
      "mode": "managed",
      "type": "newrelic_nrql_alert_condition",
      "name": "condition",
      "provider": "provider[\"registry.terraform.io/newrelic/newrelic\"]",
      "instances": [
        {
          "index_key": "condiiton1",
          "schema_version": 0,
          "attributes": {
            "account_id": 4550857,
            "aggregation_delay": "120",
            "aggregation_method": "event_flow",
            "aggregation_timer": null,
            "aggregation_window": 60,
            "baseline_direction": null,
            "close_violations_on_expiration": true,
            "critical": [
              {
                "duration": 0,
                "operator": "above",
                "threshold": 80,
                "threshold_duration": 300,
                "threshold_occurrences": "all",
                "time_function": ""
              }
            ],
            "description": "cpu usage percentage",
            "enabled": true,
            "entity_guid": "NDU1MDg1N3xBSU9QU3xDT05ESVRJT058NDMyNjUxODM",
            "evaluation_delay": null,
            "expiration_duration": 120,
            "fill_option": "last_value",
            "fill_value": 0,
            "id": "5488340:43265183",
            "name": "cpuPercent",
            "nrql": [
              {
                "data_account_id": 0,
                "evaluation_offset": 0,
                "query": "FROM SystemSample SELECT average(cpuPercent) WHERE entityName = 'DESKTOP-1FTVP0P'",
                "since_value": ""
              }
            ],
            "open_violation_on_expiration": true,
            "policy_id": 5488340,
            "runbook_url": "",
            "slide_by": 30,
            "term": [],
            "timeouts": null,
            "type": "static",
            "violation_time_limit": "ONE_HOUR",
            "violation_time_limit_seconds": 3600,
            "warning": [
              {
                "duration": 0,
                "operator": "above",
                "threshold": 60,
                "threshold_duration": 300,
                "threshold_occurrences": "all",
                "time_function": ""
              }
            ]
          },
          "sensitive_attributes": [],
          "private": "eyJlMmJmYjczMC1lY2FhLTExZTYtOGY4OC0zNDM2M2JjN2M0YzAiOnsiY3JlYXRlIjozMDAwMDAwMDAwMH19",
          "dependencies": [
            "newrelic_alert_policy.policy01"
          ]
        },
        {
          "index_key": "condition2",
          "schema_version": 0,
          "attributes": {
            "account_id": 4550857,
            "aggregation_delay": "120",
            "aggregation_method": "event_flow",
            "aggregation_timer": null,
            "aggregation_window": 60,
            "baseline_direction": null,
            "close_violations_on_expiration": true,
            "critical": [
              {
                "duration": 0,
                "operator": "above",
                "threshold": 80,
                "threshold_duration": 300,
                "threshold_occurrences": "all",
                "time_function": ""
              }
            ],
            "description": "memory usage percentage",
            "enabled": true,
            "entity_guid": "NDU1MDg1N3xBSU9QU3xDT05ESVRJT058NDMyNjUxODQ",
            "evaluation_delay": null,
            "expiration_duration": 120,
            "fill_option": "last_value",
            "fill_value": 0,
            "id": "5488340:43265184",
            "name": "memoryPercent",
            "nrql": [
              {
                "data_account_id": 0,
                "evaluation_offset": 0,
                "query": "FROM SystemSample SELECT average(memoryUsedPercent) WHERE entityName = 'DESKTOP-1FTVP0P'",
                "since_value": ""
              }
            ],
            "open_violation_on_expiration": true,
            "policy_id": 5488340,
            "runbook_url": "",
            "slide_by": 30,
            "term": [],
            "timeouts": null,
            "type": "static",
            "violation_time_limit": "ONE_HOUR",
            "violation_time_limit_seconds": 3600,
            "warning": [
              {
                "duration": 0,
                "operator": "above",
                "threshold": 60,
                "threshold_duration": 300,
                "threshold_occurrences": "all",
                "time_function": ""
              }
            ]
          },
          "sensitive_attributes": [],
          "private": "eyJlMmJmYjczMC1lY2FhLTExZTYtOGY4OC0zNDM2M2JjN2M0YzAiOnsiY3JlYXRlIjozMDAwMDAwMDAwMH19",
          "dependencies": [
            "newrelic_alert_policy.policy01"
          ]
        },
        {
          "index_key": "condition3",
          "schema_version": 0,
          "attributes": {
            "account_id": 4550857,
            "aggregation_delay": "120",
            "aggregation_method": "event_flow",
            "aggregation_timer": null,
            "aggregation_window": 60,
            "baseline_direction": null,
            "close_violations_on_expiration": true,
            "critical": [
              {
                "duration": 0,
                "operator": "above",
                "threshold": 80,
                "threshold_duration": 300,
                "threshold_occurrences": "all",
                "time_function": ""
              }
            ],
            "description": "disk usage percentage",
            "enabled": true,
            "entity_guid": "NDU1MDg1N3xBSU9QU3xDT05ESVRJT058NDMyNjUxODU",
            "evaluation_delay": null,
            "expiration_duration": 120,
            "fill_option": "last_value",
            "fill_value": 0,
            "id": "5488340:43265185",
            "name": "diskPercent",
            "nrql": [
              {
                "data_account_id": 0,
                "evaluation_offset": 0,
                "query": "FROM SystemSample SELECT average(diskUsedPercent) WHERE entityName = 'DESKTOP-1FTVP0P'",
                "since_value": ""
              }
            ],
            "open_violation_on_expiration": true,
            "policy_id": 5488340,
            "runbook_url": "",
            "slide_by": 30,
            "term": [],
            "timeouts": null,
            "type": "static",
            "violation_time_limit": "ONE_HOUR",
            "violation_time_limit_seconds": 3600,
            "warning": [
              {
                "duration": 0,
                "operator": "above",
                "threshold": 60,
                "threshold_duration": 300,
                "threshold_occurrences": "all",
                "time_function": ""
              }
            ]
          },
          "sensitive_attributes": [],
          "private": "eyJlMmJmYjczMC1lY2FhLTExZTYtOGY4OC0zNDM2M2JjN2M0YzAiOnsiY3JlYXRlIjozMDAwMDAwMDAwMH19",
          "dependencies": [
            "newrelic_alert_policy.policy01"
          ]
        },
        {
          "index_key": "condition4",
          "schema_version": 0,
          "attributes": {
            "account_id": 4550857,
            "aggregation_delay": "120",
            "aggregation_method": "event_flow",
            "aggregation_timer": null,
            "aggregation_window": 60,
            "baseline_direction": null,
            "close_violations_on_expiration": true,
            "critical": [
              {
                "duration": 0,
                "operator": "above",
                "threshold": 1000,
                "threshold_duration": 300,
                "threshold_occurrences": "all",
                "time_function": ""
              }
            ],
            "description": "network Ingress",
            "enabled": true,
            "entity_guid": "NDU1MDg1N3xBSU9QU3xDT05ESVRJT058NDMyNjUxODI",
            "evaluation_delay": null,
            "expiration_duration": 120,
            "fill_option": "last_value",
            "fill_value": 0,
            "id": "5488340:43265182",
            "name": "networkIngress",
            "nrql": [
              {
                "data_account_id": 0,
                "evaluation_offset": 0,
                "query": "SELECT average(receiveBytesPerSecond) FROM NetworkSample WHERE entityName = 'DESKTOP-1FTVP0P'",
                "since_value": ""
              }
            ],
            "open_violation_on_expiration": true,
            "policy_id": 5488340,
            "runbook_url": "",
            "slide_by": 30,
            "term": [],
            "timeouts": null,
            "type": "static",
            "violation_time_limit": "ONE_HOUR",
            "violation_time_limit_seconds": 3600,
            "warning": [
              {
                "duration": 0,
                "operator": "above",
                "threshold": 800,
                "threshold_duration": 300,
                "threshold_occurrences": "all",
                "time_function": ""
              }
            ]
          },
          "sensitive_attributes": [],
          "private": "eyJlMmJmYjczMC1lY2FhLTExZTYtOGY4OC0zNDM2M2JjN2M0YzAiOnsiY3JlYXRlIjozMDAwMDAwMDAwMH19",
          "dependencies": [
            "newrelic_alert_policy.policy01"
          ]
        },
        {
          "index_key": "condition5",
          "schema_version": 0,
          "attributes": {
            "account_id": 4550857,
            "aggregation_delay": "120",
            "aggregation_method": "event_flow",
            "aggregation_timer": null,
            "aggregation_window": 60,
            "baseline_direction": null,
            "close_violations_on_expiration": true,
            "critical": [
              {
                "duration": 0,
                "operator": "above",
                "threshold": 1000,
                "threshold_duration": 300,
                "threshold_occurrences": "all",
                "time_function": ""
              }
            ],
            "description": "network Egress",
            "enabled": true,
            "entity_guid": "NDU1MDg1N3xBSU9QU3xDT05ESVRJT058NDMyNjUxODE",
            "evaluation_delay": null,
            "expiration_duration": 120,
            "fill_option": "last_value",
            "fill_value": 0,
            "id": "5488340:43265181",
            "name": "networkEgress",
            "nrql": [
              {
                "data_account_id": 0,
                "evaluation_offset": 0,
                "query": "SELECT average(transmitBytesPerSecond) FROM NetworkSample WHERE entityName = 'DESKTOP-1FTVP0P'",
                "since_value": ""
              }
            ],
            "open_violation_on_expiration": true,
            "policy_id": 5488340,
            "runbook_url": "",
            "slide_by": 30,
            "term": [],
            "timeouts": null,
            "type": "static",
            "violation_time_limit": "ONE_HOUR",
            "violation_time_limit_seconds": 3600,
            "warning": [
              {
                "duration": 0,
                "operator": "above",
                "threshold": 800,
                "threshold_duration": 300,
                "threshold_occurrences": "all",
                "time_function": ""
              }
            ]
          },
          "sensitive_attributes": [],
          "private": "eyJlMmJmYjczMC1lY2FhLTExZTYtOGY4OC0zNDM2M2JjN2M0YzAiOnsiY3JlYXRlIjozMDAwMDAwMDAwMH19",
          "dependencies": [
            "newrelic_alert_policy.policy01"
          ]
        }
      ]
    },
    {
      "mode": "managed",
      "type": "newrelic_workflow",
      "name": "workflow01",
      "provider": "provider[\"registry.terraform.io/newrelic/newrelic\"]",
      "instances": [
        {
          "schema_version": 1,
          "attributes": {
            "account_id": 4550857,
            "destination": [
              {
                "channel_id": "2fbf8fcf-e038-448f-8f85-802569b1b53f",
                "name": "channel01",
                "notification_triggers": [
                  "ACKNOWLEDGED",
                  "ACTIVATED",
                  "CLOSED"
                ],
                "type": "EMAIL",
                "update_original_message": true
              }
            ],
            "destinations_enabled": true,
            "enabled": true,
            "enrichments": [],
            "enrichments_enabled": true,
            "guid": "NDU1MDg1N3xBSU9QU3xXT1JLRkxPV3xjZjA3YjMzZC0zMTM2LTQyMmQtODhhOS04MTg1MWQxZGM5OWY",
            "id": "cf07b33d-3136-422d-88a9-81851d1dc99f",
            "issues_filter": [
              {
                "filter_id": "37a10a76-5dc4-45e5-86a3-bbca397eaa9b",
                "name": "filter",
                "predicate": [
                  {
                    "attribute": "priority",
                    "operator": "EXACTLY_MATCHES",
                    "values": [
                      "critical"
                    ]
                  }
                ],
                "type": "FILTER"
              }
            ],
            "last_run": "",
            "muting_rules_handling": "NOTIFY_ALL_ISSUES",
            "name": "workflow01",
            "workflow_id": "cf07b33d-3136-422d-88a9-81851d1dc99f"
          },
          "sensitive_attributes": [],
          "private": "eyJzY2hlbWFfdmVyc2lvbiI6IjEifQ==",
          "dependencies": [
            "newrelic_notification_channel.channel01",
            "newrelic_notification_destination.destinaiton01"
          ]
        }
      ]
    }
  ],
  "check_results": null
}
